// !$*UTF8*$!
{
	archiveVersion = 1;
	classes = {
	};
	objectVersion = 50;
	objects = {

/* Begin PBXBuildFile section */
		5153022D219597550095B570 /* AppDelegate.m in Sources */ = {isa = PBXBuildFile; fileRef = 5153022C219597550095B570 /* AppDelegate.m */; };
		51530233219597550095B570 /* Main.storyboard in Resources */ = {isa = PBXBuildFile; fileRef = 51530231219597550095B570 /* Main.storyboard */; };
		51530235219597570095B570 /* Assets.xcassets in Resources */ = {isa = PBXBuildFile; fileRef = 51530234219597570095B570 /* Assets.xcassets */; };
		51530238219597570095B570 /* LaunchScreen.storyboard in Resources */ = {isa = PBXBuildFile; fileRef = 51530236219597570095B570 /* LaunchScreen.storyboard */; };
		5153023B219597570095B570 /* main.m in Sources */ = {isa = PBXBuildFile; fileRef = 5153023A219597570095B570 /* main.m */; };
		51530245219597570095B570 /* demoTests.m in Sources */ = {isa = PBXBuildFile; fileRef = 51530244219597570095B570 /* demoTests.m */; };
		51530250219597570095B570 /* demoUITests.m in Sources */ = {isa = PBXBuildFile; fileRef = 5153024F219597570095B570 /* demoUITests.m */; };
		5153029821959EBC0095B570 /* RACCommand+Extension.m in Sources */ = {isa = PBXBuildFile; fileRef = 5153029521959EBC0095B570 /* RACCommand+Extension.m */; };
		5153029921959EBC0095B570 /* RACSubject+Extension.m in Sources */ = {isa = PBXBuildFile; fileRef = 5153029721959EBC0095B570 /* RACSubject+Extension.m */; };
		5153029C21959F040095B570 /* RACSignal+Extension.m in Sources */ = {isa = PBXBuildFile; fileRef = 5153029B21959F040095B570 /* RACSignal+Extension.m */; };
		515302A32196A1D20095B570 /* MBProgressHUD+HYExtension.m in Sources */ = {isa = PBXBuildFile; fileRef = 5153029F2196A1D20095B570 /* MBProgressHUD+HYExtension.m */; };
		515302A42196A1D20095B570 /* MBProgressHUD.bundle in Resources */ = {isa = PBXBuildFile; fileRef = 515302A02196A1D20095B570 /* MBProgressHUD.bundle */; };
		515302A52196A1D20095B570 /* MBProgressHUD.m in Sources */ = {isa = PBXBuildFile; fileRef = 515302A22196A1D20095B570 /* MBProgressHUD.m */; };
		515302AF2196A9C80095B570 /* HYAFNWorkingTool.m in Sources */ = {isa = PBXBuildFile; fileRef = 515302AE2196A9C80095B570 /* HYAFNWorkingTool.m */; };
		515302B22196AA950095B570 /* RACSignal+Network.m in Sources */ = {isa = PBXBuildFile; fileRef = 515302B12196AA950095B570 /* RACSignal+Network.m */; };
		515302B52196AAA90095B570 /* RACCommand+Network.m in Sources */ = {isa = PBXBuildFile; fileRef = 515302B42196AAA90095B570 /* RACCommand+Network.m */; };
		515302E12196B8650095B570 /* HYBlockCollectionView.m in Sources */ = {isa = PBXBuildFile; fileRef = 515302C52196B8650095B570 /* HYBlockCollectionView.m */; };
		515302E22196B8650095B570 /* HYBlockScrollView.m in Sources */ = {isa = PBXBuildFile; fileRef = 515302C72196B8650095B570 /* HYBlockScrollView.m */; };
		515302E32196B8650095B570 /* HYBlockTableView.m in Sources */ = {isa = PBXBuildFile; fileRef = 515302C92196B8650095B570 /* HYBlockTableView.m */; };
		515302E42196B8650095B570 /* HYBlockTextField.m in Sources */ = {isa = PBXBuildFile; fileRef = 515302CB2196B8650095B570 /* HYBlockTextField.m */; };
		515302E52196B8650095B570 /* HYBlockTextView.m in Sources */ = {isa = PBXBuildFile; fileRef = 515302CD2196B8650095B570 /* HYBlockTextView.m */; };
		515303062196BD6B0095B570 /* HYBaseTableCellModel.m in Sources */ = {isa = PBXBuildFile; fileRef = 515302FB2196BD6B0095B570 /* HYBaseTableCellModel.m */; };
		515303072196BD6B0095B570 /* HYBaseTableSectionModel.m in Sources */ = {isa = PBXBuildFile; fileRef = 515302FD2196BD6B0095B570 /* HYBaseTableSectionModel.m */; };
		515303082196BD6B0095B570 /* HYBaseTableViewCell.m in Sources */ = {isa = PBXBuildFile; fileRef = 515302FF2196BD6B0095B570 /* HYBaseTableViewCell.m */; };
		515303092196BD6B0095B570 /* HYBaseTableViewHeaderFooterView.m in Sources */ = {isa = PBXBuildFile; fileRef = 515303012196BD6B0095B570 /* HYBaseTableViewHeaderFooterView.m */; };
		5153030A2196BD6B0095B570 /* HYBaseTableViewModel.m in Sources */ = {isa = PBXBuildFile; fileRef = 515303032196BD6B0095B570 /* HYBaseTableViewModel.m */; };
		5153030B2196BD6B0095B570 /* HYBaseBlockTableView.m in Sources */ = {isa = PBXBuildFile; fileRef = 515303052196BD6B0095B570 /* HYBaseBlockTableView.m */; };
		515303222196C3910095B570 /* HYBaseBlockCollectionView.m in Sources */ = {isa = PBXBuildFile; fileRef = 515303172196C3910095B570 /* HYBaseBlockCollectionView.m */; };
		515303232196C3910095B570 /* HYBaseCollectionCellModel.m in Sources */ = {isa = PBXBuildFile; fileRef = 515303192196C3910095B570 /* HYBaseCollectionCellModel.m */; };
		515303242196C3910095B570 /* HYBaseCollectionHeaderFooterView.m in Sources */ = {isa = PBXBuildFile; fileRef = 5153031B2196C3910095B570 /* HYBaseCollectionHeaderFooterView.m */; };
		515303252196C3910095B570 /* HYBaseCollectionSectionModel.m in Sources */ = {isa = PBXBuildFile; fileRef = 5153031D2196C3910095B570 /* HYBaseCollectionSectionModel.m */; };
		515303262196C3910095B570 /* HYBaseCollectionViewCell.m in Sources */ = {isa = PBXBuildFile; fileRef = 5153031F2196C3910095B570 /* HYBaseCollectionViewCell.m */; };
		515303272196C3910095B570 /* HYBaseCollectionViewModel.m in Sources */ = {isa = PBXBuildFile; fileRef = 515303212196C3910095B570 /* HYBaseCollectionViewModel.m */; };
		5153034A219919840095B570 /* MBProgressHUD+EmptyView.m in Sources */ = {isa = PBXBuildFile; fileRef = 51530349219919840095B570 /* MBProgressHUD+EmptyView.m */; };
		51530358219923A20095B570 /* HYBaseModel.m in Sources */ = {isa = PBXBuildFile; fileRef = 5153034D219923A20095B570 /* HYBaseModel.m */; };
		51530359219923A20095B570 /* HYBaseViewModel.m in Sources */ = {isa = PBXBuildFile; fileRef = 5153034F219923A20095B570 /* HYBaseViewModel.m */; };
		5153035A219923A20095B570 /* UICollectionView+HYExtension.m in Sources */ = {isa = PBXBuildFile; fileRef = 51530351219923A20095B570 /* UICollectionView+HYExtension.m */; };
		5153035B219923A20095B570 /* UIImageView+HYExtension.m in Sources */ = {isa = PBXBuildFile; fileRef = 51530353219923A20095B570 /* UIImageView+HYExtension.m */; };
		5153035C219923A20095B570 /* UITableView+HYExtension.m in Sources */ = {isa = PBXBuildFile; fileRef = 51530355219923A20095B570 /* UITableView+HYExtension.m */; };
		5153035D219923A20095B570 /* UIView+Extension.m in Sources */ = {isa = PBXBuildFile; fileRef = 51530357219923A20095B570 /* UIView+Extension.m */; };
		51530362219926A00095B570 /* HYBaseTabBarController.m in Sources */ = {isa = PBXBuildFile; fileRef = 5153035E219926A00095B570 /* HYBaseTabBarController.m */; };
		51530363219926A00095B570 /* HYBaseNaviController.m in Sources */ = {isa = PBXBuildFile; fileRef = 51530360219926A00095B570 /* HYBaseNaviController.m */; };
		515303862199AAE00095B570 /* HYNewsCellModel.m in Sources */ = {isa = PBXBuildFile; fileRef = 5153036C2199AAE00095B570 /* HYNewsCellModel.m */; };
		515303872199AAE00095B570 /* HYNewsCell.m in Sources */ = {isa = PBXBuildFile; fileRef = 5153036F2199AAE00095B570 /* HYNewsCell.m */; };
		515303882199AAE00095B570 /* HYNewsImageCell.m in Sources */ = {isa = PBXBuildFile; fileRef = 515303712199AAE00095B570 /* HYNewsImageCell.m */; };
		5153038A2199AAE00095B570 /* HYNewsController.m in Sources */ = {isa = PBXBuildFile; fileRef = 515303762199AAE00095B570 /* HYNewsController.m */; };
		5153038B2199AAE00095B570 /* HYNewsViewModel.m in Sources */ = {isa = PBXBuildFile; fileRef = 515303782199AAE00095B570 /* HYNewsViewModel.m */; };
		5153038D2199AAE00095B570 /* HYRecommendCellModel.m in Sources */ = {isa = PBXBuildFile; fileRef = 5153037D2199AAE00095B570 /* HYRecommendCellModel.m */; };
		5153038E2199AAE00095B570 /* HYRecommendCell.m in Sources */ = {isa = PBXBuildFile; fileRef = 515303802199AAE00095B570 /* HYRecommendCell.m */; };
		515303902199AAE00095B570 /* HYRecommendController.m in Sources */ = {isa = PBXBuildFile; fileRef = 515303852199AAE00095B570 /* HYRecommendController.m */; };
		515303942199AB180095B570 /* HYDemoTabBarController.m in Sources */ = {isa = PBXBuildFile; fileRef = 515303922199AB180095B570 /* HYDemoTabBarController.m */; };
		515303952199AB180095B570 /* TabBarControllers.json in Resources */ = {isa = PBXBuildFile; fileRef = 515303932199AB180095B570 /* TabBarControllers.json */; };
		515303982199AFB10095B570 /* HYRecommendViewModel.m in Sources */ = {isa = PBXBuildFile; fileRef = 515303972199AFB10095B570 /* HYRecommendViewModel.m */; };
		515303A0219A7A530095B570 /* HYRefreshFooter.m in Sources */ = {isa = PBXBuildFile; fileRef = 5153039B219A7A530095B570 /* HYRefreshFooter.m */; };
		515303A1219A7A530095B570 /* HYRefreshHeader.m in Sources */ = {isa = PBXBuildFile; fileRef = 5153039D219A7A530095B570 /* HYRefreshHeader.m */; };
		515303A2219A7A530095B570 /* UIScrollView+Refresh.m in Sources */ = {isa = PBXBuildFile; fileRef = 5153039F219A7A530095B570 /* UIScrollView+Refresh.m */; };
		515303AA219A7A5F0095B570 /* HYCurrentControllerTool.m in Sources */ = {isa = PBXBuildFile; fileRef = 515303A5219A7A5F0095B570 /* HYCurrentControllerTool.m */; };
		515303AB219A7A5F0095B570 /* HYJumpConrollerTool.m in Sources */ = {isa = PBXBuildFile; fileRef = 515303A7219A7A5F0095B570 /* HYJumpConrollerTool.m */; };
		515303AC219A7A5F0095B570 /* HYRunTimeTool.m in Sources */ = {isa = PBXBuildFile; fileRef = 515303A9219A7A5F0095B570 /* HYRunTimeTool.m */; };
		51DBE278219C32BA005167DF /* HYBaseViewController.m in Sources */ = {isa = PBXBuildFile; fileRef = 51DBE277219C32BA005167DF /* HYBaseViewController.m */; };
		51DBE27B219C498E005167DF /* RACSignal+JumpMediator.m in Sources */ = {isa = PBXBuildFile; fileRef = 51DBE27A219C498E005167DF /* RACSignal+JumpMediator.m */; };
		51DBE27E219C4BEA005167DF /* RACCommand+JumpMediator.m in Sources */ = {isa = PBXBuildFile; fileRef = 51DBE27D219C4BEA005167DF /* RACCommand+JumpMediator.m */; };
		51DBE282219D1399005167DF /* RACTestViewController.m in Sources */ = {isa = PBXBuildFile; fileRef = 51DBE281219D1399005167DF /* RACTestViewController.m */; };
		BE99C95D3306AC53DEB2BFFB /* Pods_demo.framework in Frameworks */ = {isa = PBXBuildFile; fileRef = B26EBCE8B4FD21E10738286F /* Pods_demo.framework */; };
/* End PBXBuildFile section */

/* Begin PBXContainerItemProxy section */
		51530241219597570095B570 /* PBXContainerItemProxy */ = {
			isa = PBXContainerItemProxy;
			containerPortal = 51530220219597550095B570 /* Project object */;
			proxyType = 1;
			remoteGlobalIDString = 51530227219597550095B570;
			remoteInfo = demo;
		};
		5153024C219597570095B570 /* PBXContainerItemProxy */ = {
			isa = PBXContainerItemProxy;
			containerPortal = 51530220219597550095B570 /* Project object */;
			proxyType = 1;
			remoteGlobalIDString = 51530227219597550095B570;
			remoteInfo = demo;
		};
/* End PBXContainerItemProxy section */

/* Begin PBXFileReference section */
		51530228219597550095B570 /* demo.app */ = {isa = PBXFileReference; explicitFileType = wrapper.application; includeInIndex = 0; path = demo.app; sourceTree = BUILT_PRODUCTS_DIR; };
		5153022B219597550095B570 /* AppDelegate.h */ = {isa = PBXFileReference; lastKnownFileType = sourcecode.c.h; path = AppDelegate.h; sourceTree = "<group>"; };
		5153022C219597550095B570 /* AppDelegate.m */ = {isa = PBXFileReference; lastKnownFileType = sourcecode.c.objc; path = AppDelegate.m; sourceTree = "<group>"; };
		51530232219597550095B570 /* Base */ = {isa = PBXFileReference; lastKnownFileType = file.storyboard; name = Base; path = Base.lproj/Main.storyboard; sourceTree = "<group>"; };
		51530234219597570095B570 /* Assets.xcassets */ = {isa = PBXFileReference; lastKnownFileType = folder.assetcatalog; path = Assets.xcassets; sourceTree = "<group>"; };
		51530237219597570095B570 /* Base */ = {isa = PBXFileReference; lastKnownFileType = file.storyboard; name = Base; path = Base.lproj/LaunchScreen.storyboard; sourceTree = "<group>"; };
		51530239219597570095B570 /* Info.plist */ = {isa = PBXFileReference; lastKnownFileType = text.plist.xml; path = Info.plist; sourceTree = "<group>"; };
		5153023A219597570095B570 /* main.m */ = {isa = PBXFileReference; lastKnownFileType = sourcecode.c.objc; path = main.m; sourceTree = "<group>"; };
		51530240219597570095B570 /* demoTests.xctest */ = {isa = PBXFileReference; explicitFileType = wrapper.cfbundle; includeInIndex = 0; path = demoTests.xctest; sourceTree = BUILT_PRODUCTS_DIR; };
		51530244219597570095B570 /* demoTests.m */ = {isa = PBXFileReference; lastKnownFileType = sourcecode.c.objc; path = demoTests.m; sourceTree = "<group>"; };
		51530246219597570095B570 /* Info.plist */ = {isa = PBXFileReference; lastKnownFileType = text.plist.xml; path = Info.plist; sourceTree = "<group>"; };
		5153024B219597570095B570 /* demoUITests.xctest */ = {isa = PBXFileReference; explicitFileType = wrapper.cfbundle; includeInIndex = 0; path = demoUITests.xctest; sourceTree = BUILT_PRODUCTS_DIR; };
		5153024F219597570095B570 /* demoUITests.m */ = {isa = PBXFileReference; lastKnownFileType = sourcecode.c.objc; path = demoUITests.m; sourceTree = "<group>"; };
		51530251219597570095B570 /* Info.plist */ = {isa = PBXFileReference; lastKnownFileType = text.plist.xml; path = Info.plist; sourceTree = "<group>"; };
		5153029421959EBC0095B570 /* RACCommand+Extension.h */ = {isa = PBXFileReference; fileEncoding = 4; lastKnownFileType = sourcecode.c.h; path = "RACCommand+Extension.h"; sourceTree = "<group>"; };
		5153029521959EBC0095B570 /* RACCommand+Extension.m */ = {isa = PBXFileReference; fileEncoding = 4; lastKnownFileType = sourcecode.c.objc; path = "RACCommand+Extension.m"; sourceTree = "<group>"; };
		5153029621959EBC0095B570 /* RACSubject+Extension.h */ = {isa = PBXFileReference; fileEncoding = 4; lastKnownFileType = sourcecode.c.h; path = "RACSubject+Extension.h"; sourceTree = "<group>"; };
		5153029721959EBC0095B570 /* RACSubject+Extension.m */ = {isa = PBXFileReference; fileEncoding = 4; lastKnownFileType = sourcecode.c.objc; path = "RACSubject+Extension.m"; sourceTree = "<group>"; };
		5153029A21959F040095B570 /* RACSignal+Extension.h */ = {isa = PBXFileReference; lastKnownFileType = sourcecode.c.h; path = "RACSignal+Extension.h"; sourceTree = "<group>"; };
		5153029B21959F040095B570 /* RACSignal+Extension.m */ = {isa = PBXFileReference; lastKnownFileType = sourcecode.c.objc; path = "RACSignal+Extension.m"; sourceTree = "<group>"; };
		5153029E2196A1D20095B570 /* MBProgressHUD+HYExtension.h */ = {isa = PBXFileReference; fileEncoding = 4; lastKnownFileType = sourcecode.c.h; path = "MBProgressHUD+HYExtension.h"; sourceTree = "<group>"; };
		5153029F2196A1D20095B570 /* MBProgressHUD+HYExtension.m */ = {isa = PBXFileReference; fileEncoding = 4; lastKnownFileType = sourcecode.c.objc; path = "MBProgressHUD+HYExtension.m"; sourceTree = "<group>"; };
		515302A02196A1D20095B570 /* MBProgressHUD.bundle */ = {isa = PBXFileReference; lastKnownFileType = "wrapper.plug-in"; path = MBProgressHUD.bundle; sourceTree = "<group>"; };
		515302A12196A1D20095B570 /* MBProgressHUD.h */ = {isa = PBXFileReference; fileEncoding = 4; lastKnownFileType = sourcecode.c.h; path = MBProgressHUD.h; sourceTree = "<group>"; };
		515302A22196A1D20095B570 /* MBProgressHUD.m */ = {isa = PBXFileReference; fileEncoding = 4; lastKnownFileType = sourcecode.c.objc; path = MBProgressHUD.m; sourceTree = "<group>"; };
		515302A82196A5C00095B570 /* DemoPrefixHeader.pch */ = {isa = PBXFileReference; lastKnownFileType = sourcecode.c.h; path = DemoPrefixHeader.pch; sourceTree = "<group>"; };
		515302AD2196A9C80095B570 /* HYAFNWorkingTool.h */ = {isa = PBXFileReference; fileEncoding = 4; lastKnownFileType = sourcecode.c.h; path = HYAFNWorkingTool.h; sourceTree = "<group>"; };
		515302AE2196A9C80095B570 /* HYAFNWorkingTool.m */ = {isa = PBXFileReference; fileEncoding = 4; lastKnownFileType = sourcecode.c.objc; path = HYAFNWorkingTool.m; sourceTree = "<group>"; };
		515302B02196AA950095B570 /* RACSignal+Network.h */ = {isa = PBXFileReference; lastKnownFileType = sourcecode.c.h; path = "RACSignal+Network.h"; sourceTree = "<group>"; };
		515302B12196AA950095B570 /* RACSignal+Network.m */ = {isa = PBXFileReference; lastKnownFileType = sourcecode.c.objc; path = "RACSignal+Network.m"; sourceTree = "<group>"; };
		515302B32196AAA90095B570 /* RACCommand+Network.h */ = {isa = PBXFileReference; lastKnownFileType = sourcecode.c.h; path = "RACCommand+Network.h"; sourceTree = "<group>"; };
		515302B42196AAA90095B570 /* RACCommand+Network.m */ = {isa = PBXFileReference; lastKnownFileType = sourcecode.c.objc; path = "RACCommand+Network.m"; sourceTree = "<group>"; };
		515302C42196B8650095B570 /* HYBlockCollectionView.h */ = {isa = PBXFileReference; fileEncoding = 4; lastKnownFileType = sourcecode.c.h; path = HYBlockCollectionView.h; sourceTree = "<group>"; };
		515302C52196B8650095B570 /* HYBlockCollectionView.m */ = {isa = PBXFileReference; fileEncoding = 4; lastKnownFileType = sourcecode.c.objc; path = HYBlockCollectionView.m; sourceTree = "<group>"; };
		515302C62196B8650095B570 /* HYBlockScrollView.h */ = {isa = PBXFileReference; fileEncoding = 4; lastKnownFileType = sourcecode.c.h; path = HYBlockScrollView.h; sourceTree = "<group>"; };
		515302C72196B8650095B570 /* HYBlockScrollView.m */ = {isa = PBXFileReference; fileEncoding = 4; lastKnownFileType = sourcecode.c.objc; path = HYBlockScrollView.m; sourceTree = "<group>"; };
		515302C82196B8650095B570 /* HYBlockTableView.h */ = {isa = PBXFileReference; fileEncoding = 4; lastKnownFileType = sourcecode.c.h; path = HYBlockTableView.h; sourceTree = "<group>"; };
		515302C92196B8650095B570 /* HYBlockTableView.m */ = {isa = PBXFileReference; fileEncoding = 4; lastKnownFileType = sourcecode.c.objc; path = HYBlockTableView.m; sourceTree = "<group>"; };
		515302CA2196B8650095B570 /* HYBlockTextField.h */ = {isa = PBXFileReference; fileEncoding = 4; lastKnownFileType = sourcecode.c.h; path = HYBlockTextField.h; sourceTree = "<group>"; };
		515302CB2196B8650095B570 /* HYBlockTextField.m */ = {isa = PBXFileReference; fileEncoding = 4; lastKnownFileType = sourcecode.c.objc; path = HYBlockTextField.m; sourceTree = "<group>"; };
		515302CC2196B8650095B570 /* HYBlockTextView.h */ = {isa = PBXFileReference; fileEncoding = 4; lastKnownFileType = sourcecode.c.h; path = HYBlockTextView.h; sourceTree = "<group>"; };
		515302CD2196B8650095B570 /* HYBlockTextView.m */ = {isa = PBXFileReference; fileEncoding = 4; lastKnownFileType = sourcecode.c.objc; path = HYBlockTextView.m; sourceTree = "<group>"; };
		515302FA2196BD6B0095B570 /* HYBaseTableCellModel.h */ = {isa = PBXFileReference; fileEncoding = 4; lastKnownFileType = sourcecode.c.h; path = HYBaseTableCellModel.h; sourceTree = "<group>"; };
		515302FB2196BD6B0095B570 /* HYBaseTableCellModel.m */ = {isa = PBXFileReference; fileEncoding = 4; lastKnownFileType = sourcecode.c.objc; path = HYBaseTableCellModel.m; sourceTree = "<group>"; };
		515302FC2196BD6B0095B570 /* HYBaseTableSectionModel.h */ = {isa = PBXFileReference; fileEncoding = 4; lastKnownFileType = sourcecode.c.h; path = HYBaseTableSectionModel.h; sourceTree = "<group>"; };
		515302FD2196BD6B0095B570 /* HYBaseTableSectionModel.m */ = {isa = PBXFileReference; fileEncoding = 4; lastKnownFileType = sourcecode.c.objc; path = HYBaseTableSectionModel.m; sourceTree = "<group>"; };
		515302FE2196BD6B0095B570 /* HYBaseTableViewCell.h */ = {isa = PBXFileReference; fileEncoding = 4; lastKnownFileType = sourcecode.c.h; path = HYBaseTableViewCell.h; sourceTree = "<group>"; };
		515302FF2196BD6B0095B570 /* HYBaseTableViewCell.m */ = {isa = PBXFileReference; fileEncoding = 4; lastKnownFileType = sourcecode.c.objc; path = HYBaseTableViewCell.m; sourceTree = "<group>"; };
		515303002196BD6B0095B570 /* HYBaseTableViewHeaderFooterView.h */ = {isa = PBXFileReference; fileEncoding = 4; lastKnownFileType = sourcecode.c.h; path = HYBaseTableViewHeaderFooterView.h; sourceTree = "<group>"; };
		515303012196BD6B0095B570 /* HYBaseTableViewHeaderFooterView.m */ = {isa = PBXFileReference; fileEncoding = 4; lastKnownFileType = sourcecode.c.objc; path = HYBaseTableViewHeaderFooterView.m; sourceTree = "<group>"; };
		515303022196BD6B0095B570 /* HYBaseTableViewModel.h */ = {isa = PBXFileReference; fileEncoding = 4; lastKnownFileType = sourcecode.c.h; path = HYBaseTableViewModel.h; sourceTree = "<group>"; };
		515303032196BD6B0095B570 /* HYBaseTableViewModel.m */ = {isa = PBXFileReference; fileEncoding = 4; lastKnownFileType = sourcecode.c.objc; path = HYBaseTableViewModel.m; sourceTree = "<group>"; };
		515303042196BD6B0095B570 /* HYBaseBlockTableView.h */ = {isa = PBXFileReference; fileEncoding = 4; lastKnownFileType = sourcecode.c.h; path = HYBaseBlockTableView.h; sourceTree = "<group>"; };
		515303052196BD6B0095B570 /* HYBaseBlockTableView.m */ = {isa = PBXFileReference; fileEncoding = 4; lastKnownFileType = sourcecode.c.objc; path = HYBaseBlockTableView.m; sourceTree = "<group>"; };
		515303162196C3910095B570 /* HYBaseBlockCollectionView.h */ = {isa = PBXFileReference; fileEncoding = 4; lastKnownFileType = sourcecode.c.h; path = HYBaseBlockCollectionView.h; sourceTree = "<group>"; };
		515303172196C3910095B570 /* HYBaseBlockCollectionView.m */ = {isa = PBXFileReference; fileEncoding = 4; lastKnownFileType = sourcecode.c.objc; path = HYBaseBlockCollectionView.m; sourceTree = "<group>"; };
		515303182196C3910095B570 /* HYBaseCollectionCellModel.h */ = {isa = PBXFileReference; fileEncoding = 4; lastKnownFileType = sourcecode.c.h; path = HYBaseCollectionCellModel.h; sourceTree = "<group>"; };
		515303192196C3910095B570 /* HYBaseCollectionCellModel.m */ = {isa = PBXFileReference; fileEncoding = 4; lastKnownFileType = sourcecode.c.objc; path = HYBaseCollectionCellModel.m; sourceTree = "<group>"; };
		5153031A2196C3910095B570 /* HYBaseCollectionHeaderFooterView.h */ = {isa = PBXFileReference; fileEncoding = 4; lastKnownFileType = sourcecode.c.h; path = HYBaseCollectionHeaderFooterView.h; sourceTree = "<group>"; };
		5153031B2196C3910095B570 /* HYBaseCollectionHeaderFooterView.m */ = {isa = PBXFileReference; fileEncoding = 4; lastKnownFileType = sourcecode.c.objc; path = HYBaseCollectionHeaderFooterView.m; sourceTree = "<group>"; };
		5153031C2196C3910095B570 /* HYBaseCollectionSectionModel.h */ = {isa = PBXFileReference; fileEncoding = 4; lastKnownFileType = sourcecode.c.h; path = HYBaseCollectionSectionModel.h; sourceTree = "<group>"; };
		5153031D2196C3910095B570 /* HYBaseCollectionSectionModel.m */ = {isa = PBXFileReference; fileEncoding = 4; lastKnownFileType = sourcecode.c.objc; path = HYBaseCollectionSectionModel.m; sourceTree = "<group>"; };
		5153031E2196C3910095B570 /* HYBaseCollectionViewCell.h */ = {isa = PBXFileReference; fileEncoding = 4; lastKnownFileType = sourcecode.c.h; path = HYBaseCollectionViewCell.h; sourceTree = "<group>"; };
		5153031F2196C3910095B570 /* HYBaseCollectionViewCell.m */ = {isa = PBXFileReference; fileEncoding = 4; lastKnownFileType = sourcecode.c.objc; path = HYBaseCollectionViewCell.m; sourceTree = "<group>"; };
		515303202196C3910095B570 /* HYBaseCollectionViewModel.h */ = {isa = PBXFileReference; fileEncoding = 4; lastKnownFileType = sourcecode.c.h; path = HYBaseCollectionViewModel.h; sourceTree = "<group>"; };
		515303212196C3910095B570 /* HYBaseCollectionViewModel.m */ = {isa = PBXFileReference; fileEncoding = 4; lastKnownFileType = sourcecode.c.objc; path = HYBaseCollectionViewModel.m; sourceTree = "<group>"; };
		51530348219919840095B570 /* MBProgressHUD+EmptyView.h */ = {isa = PBXFileReference; lastKnownFileType = sourcecode.c.h; path = "MBProgressHUD+EmptyView.h"; sourceTree = "<group>"; };
		51530349219919840095B570 /* MBProgressHUD+EmptyView.m */ = {isa = PBXFileReference; lastKnownFileType = sourcecode.c.objc; path = "MBProgressHUD+EmptyView.m"; sourceTree = "<group>"; };
		5153034C219923A20095B570 /* HYBaseModel.h */ = {isa = PBXFileReference; fileEncoding = 4; lastKnownFileType = sourcecode.c.h; path = HYBaseModel.h; sourceTree = "<group>"; };
		5153034D219923A20095B570 /* HYBaseModel.m */ = {isa = PBXFileReference; fileEncoding = 4; lastKnownFileType = sourcecode.c.objc; path = HYBaseModel.m; sourceTree = "<group>"; };
		5153034E219923A20095B570 /* HYBaseViewModel.h */ = {isa = PBXFileReference; fileEncoding = 4; lastKnownFileType = sourcecode.c.h; path = HYBaseViewModel.h; sourceTree = "<group>"; };
		5153034F219923A20095B570 /* HYBaseViewModel.m */ = {isa = PBXFileReference; fileEncoding = 4; lastKnownFileType = sourcecode.c.objc; path = HYBaseViewModel.m; sourceTree = "<group>"; };
		51530350219923A20095B570 /* UICollectionView+HYExtension.h */ = {isa = PBXFileReference; fileEncoding = 4; lastKnownFileType = sourcecode.c.h; path = "UICollectionView+HYExtension.h"; sourceTree = "<group>"; };
		51530351219923A20095B570 /* UICollectionView+HYExtension.m */ = {isa = PBXFileReference; fileEncoding = 4; lastKnownFileType = sourcecode.c.objc; path = "UICollectionView+HYExtension.m"; sourceTree = "<group>"; };
		51530352219923A20095B570 /* UIImageView+HYExtension.h */ = {isa = PBXFileReference; fileEncoding = 4; lastKnownFileType = sourcecode.c.h; path = "UIImageView+HYExtension.h"; sourceTree = "<group>"; };
		51530353219923A20095B570 /* UIImageView+HYExtension.m */ = {isa = PBXFileReference; fileEncoding = 4; lastKnownFileType = sourcecode.c.objc; path = "UIImageView+HYExtension.m"; sourceTree = "<group>"; };
		51530354219923A20095B570 /* UITableView+HYExtension.h */ = {isa = PBXFileReference; fileEncoding = 4; lastKnownFileType = sourcecode.c.h; path = "UITableView+HYExtension.h"; sourceTree = "<group>"; };
		51530355219923A20095B570 /* UITableView+HYExtension.m */ = {isa = PBXFileReference; fileEncoding = 4; lastKnownFileType = sourcecode.c.objc; path = "UITableView+HYExtension.m"; sourceTree = "<group>"; };
		51530356219923A20095B570 /* UIView+Extension.h */ = {isa = PBXFileReference; fileEncoding = 4; lastKnownFileType = sourcecode.c.h; path = "UIView+Extension.h"; sourceTree = "<group>"; };
		51530357219923A20095B570 /* UIView+Extension.m */ = {isa = PBXFileReference; fileEncoding = 4; lastKnownFileType = sourcecode.c.objc; path = "UIView+Extension.m"; sourceTree = "<group>"; };
		5153035E219926A00095B570 /* HYBaseTabBarController.m */ = {isa = PBXFileReference; fileEncoding = 4; lastKnownFileType = sourcecode.c.objc; path = HYBaseTabBarController.m; sourceTree = "<group>"; };
		5153035F219926A00095B570 /* HYBaseTabBarController.h */ = {isa = PBXFileReference; fileEncoding = 4; lastKnownFileType = sourcecode.c.h; path = HYBaseTabBarController.h; sourceTree = "<group>"; };
		51530360219926A00095B570 /* HYBaseNaviController.m */ = {isa = PBXFileReference; fileEncoding = 4; lastKnownFileType = sourcecode.c.objc; path = HYBaseNaviController.m; sourceTree = "<group>"; };
		51530361219926A00095B570 /* HYBaseNaviController.h */ = {isa = PBXFileReference; fileEncoding = 4; lastKnownFileType = sourcecode.c.h; path = HYBaseNaviController.h; sourceTree = "<group>"; };
		5153036B2199AAE00095B570 /* HYNewsCellModel.h */ = {isa = PBXFileReference; fileEncoding = 4; lastKnownFileType = sourcecode.c.h; path = HYNewsCellModel.h; sourceTree = "<group>"; };
		5153036C2199AAE00095B570 /* HYNewsCellModel.m */ = {isa = PBXFileReference; fileEncoding = 4; lastKnownFileType = sourcecode.c.objc; path = HYNewsCellModel.m; sourceTree = "<group>"; };
		5153036E2199AAE00095B570 /* HYNewsCell.h */ = {isa = PBXFileReference; fileEncoding = 4; lastKnownFileType = sourcecode.c.h; path = HYNewsCell.h; sourceTree = "<group>"; };
		5153036F2199AAE00095B570 /* HYNewsCell.m */ = {isa = PBXFileReference; fileEncoding = 4; lastKnownFileType = sourcecode.c.objc; path = HYNewsCell.m; sourceTree = "<group>"; };
		515303702199AAE00095B570 /* HYNewsImageCell.h */ = {isa = PBXFileReference; fileEncoding = 4; lastKnownFileType = sourcecode.c.h; path = HYNewsImageCell.h; sourceTree = "<group>"; };
		515303712199AAE00095B570 /* HYNewsImageCell.m */ = {isa = PBXFileReference; fileEncoding = 4; lastKnownFileType = sourcecode.c.objc; path = HYNewsImageCell.m; sourceTree = "<group>"; };
		515303752199AAE00095B570 /* HYNewsController.h */ = {isa = PBXFileReference; fileEncoding = 4; lastKnownFileType = sourcecode.c.h; path = HYNewsController.h; sourceTree = "<group>"; };
		515303762199AAE00095B570 /* HYNewsController.m */ = {isa = PBXFileReference; fileEncoding = 4; lastKnownFileType = sourcecode.c.objc; path = HYNewsController.m; sourceTree = "<group>"; };
		515303772199AAE00095B570 /* HYNewsViewModel.h */ = {isa = PBXFileReference; fileEncoding = 4; lastKnownFileType = sourcecode.c.h; path = HYNewsViewModel.h; sourceTree = "<group>"; };
		515303782199AAE00095B570 /* HYNewsViewModel.m */ = {isa = PBXFileReference; fileEncoding = 4; lastKnownFileType = sourcecode.c.objc; path = HYNewsViewModel.m; sourceTree = "<group>"; };
		5153037C2199AAE00095B570 /* HYRecommendCellModel.h */ = {isa = PBXFileReference; fileEncoding = 4; lastKnownFileType = sourcecode.c.h; path = HYRecommendCellModel.h; sourceTree = "<group>"; };
		5153037D2199AAE00095B570 /* HYRecommendCellModel.m */ = {isa = PBXFileReference; fileEncoding = 4; lastKnownFileType = sourcecode.c.objc; path = HYRecommendCellModel.m; sourceTree = "<group>"; };
		5153037F2199AAE00095B570 /* HYRecommendCell.h */ = {isa = PBXFileReference; fileEncoding = 4; lastKnownFileType = sourcecode.c.h; path = HYRecommendCell.h; sourceTree = "<group>"; };
		515303802199AAE00095B570 /* HYRecommendCell.m */ = {isa = PBXFileReference; fileEncoding = 4; lastKnownFileType = sourcecode.c.objc; path = HYRecommendCell.m; sourceTree = "<group>"; };
		515303842199AAE00095B570 /* HYRecommendController.h */ = {isa = PBXFileReference; fileEncoding = 4; lastKnownFileType = sourcecode.c.h; path = HYRecommendController.h; sourceTree = "<group>"; };
		515303852199AAE00095B570 /* HYRecommendController.m */ = {isa = PBXFileReference; fileEncoding = 4; lastKnownFileType = sourcecode.c.objc; path = HYRecommendController.m; sourceTree = "<group>"; };
		515303912199AB180095B570 /* HYDemoTabBarController.h */ = {isa = PBXFileReference; fileEncoding = 4; lastKnownFileType = sourcecode.c.h; path = HYDemoTabBarController.h; sourceTree = "<group>"; };
		515303922199AB180095B570 /* HYDemoTabBarController.m */ = {isa = PBXFileReference; fileEncoding = 4; lastKnownFileType = sourcecode.c.objc; path = HYDemoTabBarController.m; sourceTree = "<group>"; };
		515303932199AB180095B570 /* TabBarControllers.json */ = {isa = PBXFileReference; fileEncoding = 4; lastKnownFileType = text.json; path = TabBarControllers.json; sourceTree = "<group>"; };
		515303962199AFB10095B570 /* HYRecommendViewModel.h */ = {isa = PBXFileReference; lastKnownFileType = sourcecode.c.h; path = HYRecommendViewModel.h; sourceTree = "<group>"; };
		515303972199AFB10095B570 /* HYRecommendViewModel.m */ = {isa = PBXFileReference; lastKnownFileType = sourcecode.c.objc; path = HYRecommendViewModel.m; sourceTree = "<group>"; };
		5153039A219A7A530095B570 /* HYRefreshFooter.h */ = {isa = PBXFileReference; fileEncoding = 4; lastKnownFileType = sourcecode.c.h; path = HYRefreshFooter.h; sourceTree = "<group>"; };
		5153039B219A7A530095B570 /* HYRefreshFooter.m */ = {isa = PBXFileReference; fileEncoding = 4; lastKnownFileType = sourcecode.c.objc; path = HYRefreshFooter.m; sourceTree = "<group>"; };
		5153039C219A7A530095B570 /* HYRefreshHeader.h */ = {isa = PBXFileReference; fileEncoding = 4; lastKnownFileType = sourcecode.c.h; path = HYRefreshHeader.h; sourceTree = "<group>"; };
		5153039D219A7A530095B570 /* HYRefreshHeader.m */ = {isa = PBXFileReference; fileEncoding = 4; lastKnownFileType = sourcecode.c.objc; path = HYRefreshHeader.m; sourceTree = "<group>"; };
		5153039E219A7A530095B570 /* UIScrollView+Refresh.h */ = {isa = PBXFileReference; fileEncoding = 4; lastKnownFileType = sourcecode.c.h; path = "UIScrollView+Refresh.h"; sourceTree = "<group>"; };
		5153039F219A7A530095B570 /* UIScrollView+Refresh.m */ = {isa = PBXFileReference; fileEncoding = 4; lastKnownFileType = sourcecode.c.objc; path = "UIScrollView+Refresh.m"; sourceTree = "<group>"; };
		515303A4219A7A5F0095B570 /* HYCurrentControllerTool.h */ = {isa = PBXFileReference; fileEncoding = 4; lastKnownFileType = sourcecode.c.h; path = HYCurrentControllerTool.h; sourceTree = "<group>"; };
		515303A5219A7A5F0095B570 /* HYCurrentControllerTool.m */ = {isa = PBXFileReference; fileEncoding = 4; lastKnownFileType = sourcecode.c.objc; path = HYCurrentControllerTool.m; sourceTree = "<group>"; };
		515303A6219A7A5F0095B570 /* HYJumpConrollerTool.h */ = {isa = PBXFileReference; fileEncoding = 4; lastKnownFileType = sourcecode.c.h; path = HYJumpConrollerTool.h; sourceTree = "<group>"; };
		515303A7219A7A5F0095B570 /* HYJumpConrollerTool.m */ = {isa = PBXFileReference; fileEncoding = 4; lastKnownFileType = sourcecode.c.objc; path = HYJumpConrollerTool.m; sourceTree = "<group>"; };
		515303A8219A7A5F0095B570 /* HYRunTimeTool.h */ = {isa = PBXFileReference; fileEncoding = 4; lastKnownFileType = sourcecode.c.h; path = HYRunTimeTool.h; sourceTree = "<group>"; };
		515303A9219A7A5F0095B570 /* HYRunTimeTool.m */ = {isa = PBXFileReference; fileEncoding = 4; lastKnownFileType = sourcecode.c.objc; path = HYRunTimeTool.m; sourceTree = "<group>"; };
		515303AD219A7ADA0095B570 /* HYSingleton.h */ = {isa = PBXFileReference; fileEncoding = 4; lastKnownFileType = sourcecode.c.h; path = HYSingleton.h; sourceTree = "<group>"; };
		51DBE276219C32BA005167DF /* HYBaseViewController.h */ = {isa = PBXFileReference; lastKnownFileType = sourcecode.c.h; path = HYBaseViewController.h; sourceTree = "<group>"; };
		51DBE277219C32BA005167DF /* HYBaseViewController.m */ = {isa = PBXFileReference; lastKnownFileType = sourcecode.c.objc; path = HYBaseViewController.m; sourceTree = "<group>"; };
		51DBE279219C498E005167DF /* RACSignal+JumpMediator.h */ = {isa = PBXFileReference; lastKnownFileType = sourcecode.c.h; path = "RACSignal+JumpMediator.h"; sourceTree = "<group>"; };
		51DBE27A219C498E005167DF /* RACSignal+JumpMediator.m */ = {isa = PBXFileReference; lastKnownFileType = sourcecode.c.objc; path = "RACSignal+JumpMediator.m"; sourceTree = "<group>"; };
		51DBE27C219C4BEA005167DF /* RACCommand+JumpMediator.h */ = {isa = PBXFileReference; lastKnownFileType = sourcecode.c.h; path = "RACCommand+JumpMediator.h"; sourceTree = "<group>"; };
		51DBE27D219C4BEA005167DF /* RACCommand+JumpMediator.m */ = {isa = PBXFileReference; lastKnownFileType = sourcecode.c.objc; path = "RACCommand+JumpMediator.m"; sourceTree = "<group>"; };
		51DBE280219D1399005167DF /* RACTestViewController.h */ = {isa = PBXFileReference; lastKnownFileType = sourcecode.c.h; path = RACTestViewController.h; sourceTree = "<group>"; };
		51DBE281219D1399005167DF /* RACTestViewController.m */ = {isa = PBXFileReference; lastKnownFileType = sourcecode.c.objc; path = RACTestViewController.m; sourceTree = "<group>"; };
		B26EBCE8B4FD21E10738286F /* Pods_demo.framework */ = {isa = PBXFileReference; explicitFileType = wrapper.framework; includeInIndex = 0; path = Pods_demo.framework; sourceTree = BUILT_PRODUCTS_DIR; };
		B31C45A29883BC36BDA18406 /* Pods-demo.debug.xcconfig */ = {isa = PBXFileReference; includeInIndex = 1; lastKnownFileType = text.xcconfig; name = "Pods-demo.debug.xcconfig"; path = "Pods/Target Support Files/Pods-demo/Pods-demo.debug.xcconfig"; sourceTree = "<group>"; };
		EFB1205AADE6B8B973B5C0EF /* Pods-demo.release.xcconfig */ = {isa = PBXFileReference; includeInIndex = 1; lastKnownFileType = text.xcconfig; name = "Pods-demo.release.xcconfig"; path = "Pods/Target Support Files/Pods-demo/Pods-demo.release.xcconfig"; sourceTree = "<group>"; };
/* End PBXFileReference section */

/* Begin PBXFrameworksBuildPhase section */
		51530225219597550095B570 /* Frameworks */ = {
			isa = PBXFrameworksBuildPhase;
			buildActionMask = 2147483647;
			files = (
				BE99C95D3306AC53DEB2BFFB /* Pods_demo.framework in Frameworks */,
			);
			runOnlyForDeploymentPostprocessing = 0;
		};
		5153023D219597570095B570 /* Frameworks */ = {
			isa = PBXFrameworksBuildPhase;
			buildActionMask = 2147483647;
			files = (
			);
			runOnlyForDeploymentPostprocessing = 0;
		};
		51530248219597570095B570 /* Frameworks */ = {
			isa = PBXFrameworksBuildPhase;
			buildActionMask = 2147483647;
			files = (
			);
			runOnlyForDeploymentPostprocessing = 0;
		};
/* End PBXFrameworksBuildPhase section */

/* Begin PBXGroup section */
		5153021F219597550095B570 = {
			isa = PBXGroup;
			children = (
				5153022A219597550095B570 /* demo */,
				51530243219597570095B570 /* demoTests */,
				5153024E219597570095B570 /* demoUITests */,
				51530229219597550095B570 /* Products */,
				65970F88D44FA74D54FBAE0F /* Pods */,
				A08FA71796AAF7A710004792 /* Frameworks */,
			);
			sourceTree = "<group>";
		};
		51530229219597550095B570 /* Products */ = {
			isa = PBXGroup;
			children = (
				51530228219597550095B570 /* demo.app */,
				51530240219597570095B570 /* demoTests.xctest */,
				5153024B219597570095B570 /* demoUITests.xctest */,
			);
			name = Products;
			sourceTree = "<group>";
		};
		5153022A219597550095B570 /* demo */ = {
			isa = PBXGroup;
			children = (
				515303282196C61C0095B570 /* Demo */,
				515302B62196B8650095B570 /* BlockView */,
				515303A3219A7A5F0095B570 /* JumpMediator */,
				515302AC2196A9C80095B570 /* Network */,
				5153029321959EBC0095B570 /* Category_RAC */,
				51530399219A7A530095B570 /* RefreshView */,
				5153029D2196A1D20095B570 /* MBProgressHUD+HYExtension */,
				5153034B219923A20095B570 /* Other */,
				5153022B219597550095B570 /* AppDelegate.h */,
				5153022C219597550095B570 /* AppDelegate.m */,
				515302A82196A5C00095B570 /* DemoPrefixHeader.pch */,
				51530231219597550095B570 /* Main.storyboard */,
				51530234219597570095B570 /* Assets.xcassets */,
				51530236219597570095B570 /* LaunchScreen.storyboard */,
				51530239219597570095B570 /* Info.plist */,
				5153023A219597570095B570 /* main.m */,
			);
			path = demo;
			sourceTree = "<group>";
		};
		51530243219597570095B570 /* demoTests */ = {
			isa = PBXGroup;
			children = (
				51530244219597570095B570 /* demoTests.m */,
				51530246219597570095B570 /* Info.plist */,
			);
			path = demoTests;
			sourceTree = "<group>";
		};
		5153024E219597570095B570 /* demoUITests */ = {
			isa = PBXGroup;
			children = (
				5153024F219597570095B570 /* demoUITests.m */,
				51530251219597570095B570 /* Info.plist */,
			);
			path = demoUITests;
			sourceTree = "<group>";
		};
		5153029321959EBC0095B570 /* Category_RAC */ = {
			isa = PBXGroup;
			children = (
				5153029421959EBC0095B570 /* RACCommand+Extension.h */,
				5153029521959EBC0095B570 /* RACCommand+Extension.m */,
				5153029621959EBC0095B570 /* RACSubject+Extension.h */,
				5153029721959EBC0095B570 /* RACSubject+Extension.m */,
				5153029A21959F040095B570 /* RACSignal+Extension.h */,
				5153029B21959F040095B570 /* RACSignal+Extension.m */,
			);
			path = Category_RAC;
			sourceTree = "<group>";
		};
		5153029D2196A1D20095B570 /* MBProgressHUD+HYExtension */ = {
			isa = PBXGroup;
			children = (
				51530348219919840095B570 /* MBProgressHUD+EmptyView.h */,
				51530349219919840095B570 /* MBProgressHUD+EmptyView.m */,
				5153029E2196A1D20095B570 /* MBProgressHUD+HYExtension.h */,
				5153029F2196A1D20095B570 /* MBProgressHUD+HYExtension.m */,
				515302A02196A1D20095B570 /* MBProgressHUD.bundle */,
				515302A12196A1D20095B570 /* MBProgressHUD.h */,
				515302A22196A1D20095B570 /* MBProgressHUD.m */,
			);
			path = "MBProgressHUD+HYExtension";
			sourceTree = "<group>";
		};
		515302AC2196A9C80095B570 /* Network */ = {
			isa = PBXGroup;
			children = (
				515302AD2196A9C80095B570 /* HYAFNWorkingTool.h */,
				515302AE2196A9C80095B570 /* HYAFNWorkingTool.m */,
				515302B02196AA950095B570 /* RACSignal+Network.h */,
				515302B12196AA950095B570 /* RACSignal+Network.m */,
				515302B32196AAA90095B570 /* RACCommand+Network.h */,
				515302B42196AAA90095B570 /* RACCommand+Network.m */,
			);
			path = Network;
			sourceTree = "<group>";
		};
		515302B62196B8650095B570 /* BlockView */ = {
			isa = PBXGroup;
			children = (
				515302C42196B8650095B570 /* HYBlockCollectionView.h */,
				515302C52196B8650095B570 /* HYBlockCollectionView.m */,
				515302C62196B8650095B570 /* HYBlockScrollView.h */,
				515302C72196B8650095B570 /* HYBlockScrollView.m */,
				515302C82196B8650095B570 /* HYBlockTableView.h */,
				515302C92196B8650095B570 /* HYBlockTableView.m */,
				515302CA2196B8650095B570 /* HYBlockTextField.h */,
				515302CB2196B8650095B570 /* HYBlockTextField.m */,
				515302CC2196B8650095B570 /* HYBlockTextView.h */,
				515302CD2196B8650095B570 /* HYBlockTextView.m */,
				515302F92196BD6B0095B570 /* TableViewKit */,
				515303152196C3910095B570 /* CollectionViewKit */,
			);
			path = BlockView;
			sourceTree = "<group>";
		};
		515302F92196BD6B0095B570 /* TableViewKit */ = {
			isa = PBXGroup;
			children = (
				515302FA2196BD6B0095B570 /* HYBaseTableCellModel.h */,
				515302FB2196BD6B0095B570 /* HYBaseTableCellModel.m */,
				515302FC2196BD6B0095B570 /* HYBaseTableSectionModel.h */,
				515302FD2196BD6B0095B570 /* HYBaseTableSectionModel.m */,
				515302FE2196BD6B0095B570 /* HYBaseTableViewCell.h */,
				515302FF2196BD6B0095B570 /* HYBaseTableViewCell.m */,
				515303002196BD6B0095B570 /* HYBaseTableViewHeaderFooterView.h */,
				515303012196BD6B0095B570 /* HYBaseTableViewHeaderFooterView.m */,
				515303022196BD6B0095B570 /* HYBaseTableViewModel.h */,
				515303032196BD6B0095B570 /* HYBaseTableViewModel.m */,
				515303042196BD6B0095B570 /* HYBaseBlockTableView.h */,
				515303052196BD6B0095B570 /* HYBaseBlockTableView.m */,
			);
			path = TableViewKit;
			sourceTree = "<group>";
		};
		515303152196C3910095B570 /* CollectionViewKit */ = {
			isa = PBXGroup;
			children = (
				515303162196C3910095B570 /* HYBaseBlockCollectionView.h */,
				515303172196C3910095B570 /* HYBaseBlockCollectionView.m */,
				515303182196C3910095B570 /* HYBaseCollectionCellModel.h */,
				515303192196C3910095B570 /* HYBaseCollectionCellModel.m */,
				5153031A2196C3910095B570 /* HYBaseCollectionHeaderFooterView.h */,
				5153031B2196C3910095B570 /* HYBaseCollectionHeaderFooterView.m */,
				5153031C2196C3910095B570 /* HYBaseCollectionSectionModel.h */,
				5153031D2196C3910095B570 /* HYBaseCollectionSectionModel.m */,
				5153031E2196C3910095B570 /* HYBaseCollectionViewCell.h */,
				5153031F2196C3910095B570 /* HYBaseCollectionViewCell.m */,
				515303202196C3910095B570 /* HYBaseCollectionViewModel.h */,
				515303212196C3910095B570 /* HYBaseCollectionViewModel.m */,
			);
			path = CollectionViewKit;
			sourceTree = "<group>";
		};
		515303282196C61C0095B570 /* Demo */ = {
			isa = PBXGroup;
			children = (
				515303912199AB180095B570 /* HYDemoTabBarController.h */,
				515303922199AB180095B570 /* HYDemoTabBarController.m */,
				515303932199AB180095B570 /* TabBarControllers.json */,
				515303692199AAE00095B570 /* News */,
				5153037A2199AAE00095B570 /* Recommend */,
				51DBE27F219D1372005167DF /* RACTest */,
			);
			path = Demo;
			sourceTree = "<group>";
		};
		5153034B219923A20095B570 /* Other */ = {
			isa = PBXGroup;
			children = (
				51530361219926A00095B570 /* HYBaseNaviController.h */,
				51530360219926A00095B570 /* HYBaseNaviController.m */,
				5153035F219926A00095B570 /* HYBaseTabBarController.h */,
				5153035E219926A00095B570 /* HYBaseTabBarController.m */,
				51DBE276219C32BA005167DF /* HYBaseViewController.h */,
				51DBE277219C32BA005167DF /* HYBaseViewController.m */,
				5153034C219923A20095B570 /* HYBaseModel.h */,
				5153034D219923A20095B570 /* HYBaseModel.m */,
				5153034E219923A20095B570 /* HYBaseViewModel.h */,
				5153034F219923A20095B570 /* HYBaseViewModel.m */,
				51530350219923A20095B570 /* UICollectionView+HYExtension.h */,
				51530351219923A20095B570 /* UICollectionView+HYExtension.m */,
				51530352219923A20095B570 /* UIImageView+HYExtension.h */,
				51530353219923A20095B570 /* UIImageView+HYExtension.m */,
				51530354219923A20095B570 /* UITableView+HYExtension.h */,
				51530355219923A20095B570 /* UITableView+HYExtension.m */,
				51530356219923A20095B570 /* UIView+Extension.h */,
				51530357219923A20095B570 /* UIView+Extension.m */,
			);
			path = Other;
			sourceTree = "<group>";
		};
		515303692199AAE00095B570 /* News */ = {
			isa = PBXGroup;
			children = (
				5153036A2199AAE00095B570 /* Model */,
				5153036D2199AAE00095B570 /* View */,
				515303722199AAE00095B570 /* ViewModel */,
			);
			path = News;
			sourceTree = "<group>";
		};
		5153036A2199AAE00095B570 /* Model */ = {
			isa = PBXGroup;
			children = (
				5153036B2199AAE00095B570 /* HYNewsCellModel.h */,
				5153036C2199AAE00095B570 /* HYNewsCellModel.m */,
			);
			path = Model;
			sourceTree = "<group>";
		};
		5153036D2199AAE00095B570 /* View */ = {
			isa = PBXGroup;
			children = (
				5153036E2199AAE00095B570 /* HYNewsCell.h */,
				5153036F2199AAE00095B570 /* HYNewsCell.m */,
				515303702199AAE00095B570 /* HYNewsImageCell.h */,
				515303712199AAE00095B570 /* HYNewsImageCell.m */,
			);
			path = View;
			sourceTree = "<group>";
		};
		515303722199AAE00095B570 /* ViewModel */ = {
			isa = PBXGroup;
			children = (
				515303752199AAE00095B570 /* HYNewsController.h */,
				515303762199AAE00095B570 /* HYNewsController.m */,
				515303772199AAE00095B570 /* HYNewsViewModel.h */,
				515303782199AAE00095B570 /* HYNewsViewModel.m */,
			);
			path = ViewModel;
			sourceTree = "<group>";
		};
		5153037A2199AAE00095B570 /* Recommend */ = {
			isa = PBXGroup;
			children = (
				5153037B2199AAE00095B570 /* Model */,
				5153037E2199AAE00095B570 /* View */,
				515303812199AAE00095B570 /* ViewModel */,
			);
			path = Recommend;
			sourceTree = "<group>";
		};
		5153037B2199AAE00095B570 /* Model */ = {
			isa = PBXGroup;
			children = (
				5153037C2199AAE00095B570 /* HYRecommendCellModel.h */,
				5153037D2199AAE00095B570 /* HYRecommendCellModel.m */,
			);
			path = Model;
			sourceTree = "<group>";
		};
		5153037E2199AAE00095B570 /* View */ = {
			isa = PBXGroup;
			children = (
				5153037F2199AAE00095B570 /* HYRecommendCell.h */,
				515303802199AAE00095B570 /* HYRecommendCell.m */,
			);
			path = View;
			sourceTree = "<group>";
		};
		515303812199AAE00095B570 /* ViewModel */ = {
			isa = PBXGroup;
			children = (
				515303842199AAE00095B570 /* HYRecommendController.h */,
				515303852199AAE00095B570 /* HYRecommendController.m */,
				515303962199AFB10095B570 /* HYRecommendViewModel.h */,
				515303972199AFB10095B570 /* HYRecommendViewModel.m */,
			);
			path = ViewModel;
			sourceTree = "<group>";
		};
		51530399219A7A530095B570 /* RefreshView */ = {
			isa = PBXGroup;
			children = (
				5153039A219A7A530095B570 /* HYRefreshFooter.h */,
				5153039B219A7A530095B570 /* HYRefreshFooter.m */,
				5153039C219A7A530095B570 /* HYRefreshHeader.h */,
				5153039D219A7A530095B570 /* HYRefreshHeader.m */,
				5153039E219A7A530095B570 /* UIScrollView+Refresh.h */,
				5153039F219A7A530095B570 /* UIScrollView+Refresh.m */,
			);
			path = RefreshView;
			sourceTree = "<group>";
		};
		515303A3219A7A5F0095B570 /* JumpMediator */ = {
			isa = PBXGroup;
			children = (
				51DBE27C219C4BEA005167DF /* RACCommand+JumpMediator.h */,
				51DBE27D219C4BEA005167DF /* RACCommand+JumpMediator.m */,
				51DBE279219C498E005167DF /* RACSignal+JumpMediator.h */,
				51DBE27A219C498E005167DF /* RACSignal+JumpMediator.m */,
				515303A4219A7A5F0095B570 /* HYCurrentControllerTool.h */,
				515303A5219A7A5F0095B570 /* HYCurrentControllerTool.m */,
				515303A6219A7A5F0095B570 /* HYJumpConrollerTool.h */,
				515303A7219A7A5F0095B570 /* HYJumpConrollerTool.m */,
				515303A8219A7A5F0095B570 /* HYRunTimeTool.h */,
				515303A9219A7A5F0095B570 /* HYRunTimeTool.m */,
				515303AD219A7ADA0095B570 /* HYSingleton.h */,
			);
			path = JumpMediator;
			sourceTree = "<group>";
		};
		51DBE27F219D1372005167DF /* RACTest */ = {
			isa = PBXGroup;
			children = (
				51DBE280219D1399005167DF /* RACTestViewController.h */,
				51DBE281219D1399005167DF /* RACTestViewController.m */,
			);
			path = RACTest;
			sourceTree = "<group>";
		};
		65970F88D44FA74D54FBAE0F /* Pods */ = {
			isa = PBXGroup;
			children = (
				B31C45A29883BC36BDA18406 /* Pods-demo.debug.xcconfig */,
				EFB1205AADE6B8B973B5C0EF /* Pods-demo.release.xcconfig */,
			);
			name = Pods;
			sourceTree = "<group>";
		};
		A08FA71796AAF7A710004792 /* Frameworks */ = {
			isa = PBXGroup;
			children = (
				B26EBCE8B4FD21E10738286F /* Pods_demo.framework */,
			);
			name = Frameworks;
			sourceTree = "<group>";
		};
/* End PBXGroup section */

/* Begin PBXNativeTarget section */
		51530227219597550095B570 /* demo */ = {
			isa = PBXNativeTarget;
			buildConfigurationList = 51530254219597570095B570 /* Build configuration list for PBXNativeTarget "demo" */;
			buildPhases = (
				CB1360EBCFB75E2E6AB5ACE5 /* [CP] Check Pods Manifest.lock */,
				51530224219597550095B570 /* Sources */,
				51530225219597550095B570 /* Frameworks */,
				51530226219597550095B570 /* Resources */,
				A44E77F3539889F51C952278 /* [CP] Embed Pods Frameworks */,
				3A452B5E71DD7404327DFD2A /* [CP] Copy Pods Resources */,
			);
			buildRules = (
			);
			dependencies = (
			);
			name = demo;
			productName = demo;
			productReference = 51530228219597550095B570 /* demo.app */;
			productType = "com.apple.product-type.application";
		};
		5153023F219597570095B570 /* demoTests */ = {
			isa = PBXNativeTarget;
			buildConfigurationList = 51530257219597570095B570 /* Build configuration list for PBXNativeTarget "demoTests" */;
			buildPhases = (
				5153023C219597570095B570 /* Sources */,
				5153023D219597570095B570 /* Frameworks */,
				5153023E219597570095B570 /* Resources */,
			);
			buildRules = (
			);
			dependencies = (
				51530242219597570095B570 /* PBXTargetDependency */,
			);
			name = demoTests;
			productName = demoTests;
			productReference = 51530240219597570095B570 /* demoTests.xctest */;
			productType = "com.apple.product-type.bundle.unit-test";
		};
		5153024A219597570095B570 /* demoUITests */ = {
			isa = PBXNativeTarget;
			buildConfigurationList = 5153025A219597570095B570 /* Build configuration list for PBXNativeTarget "demoUITests" */;
			buildPhases = (
				51530247219597570095B570 /* Sources */,
				51530248219597570095B570 /* Frameworks */,
				51530249219597570095B570 /* Resources */,
			);
			buildRules = (
			);
			dependencies = (
				5153024D219597570095B570 /* PBXTargetDependency */,
			);
			name = demoUITests;
			productName = demoUITests;
			productReference = 5153024B219597570095B570 /* demoUITests.xctest */;
			productType = "com.apple.product-type.bundle.ui-testing";
		};
/* End PBXNativeTarget section */

/* Begin PBXProject section */
		51530220219597550095B570 /* Project object */ = {
			isa = PBXProject;
			attributes = {
				LastUpgradeCheck = 1000;
				ORGANIZATIONNAME = huangyi;
				TargetAttributes = {
					51530227219597550095B570 = {
						CreatedOnToolsVersion = 10.0;
					};
					5153023F219597570095B570 = {
						CreatedOnToolsVersion = 10.0;
						TestTargetID = 51530227219597550095B570;
					};
					5153024A219597570095B570 = {
						CreatedOnToolsVersion = 10.0;
						TestTargetID = 51530227219597550095B570;
					};
				};
			};
			buildConfigurationList = 51530223219597550095B570 /* Build configuration list for PBXProject "demo" */;
			compatibilityVersion = "Xcode 9.3";
			developmentRegion = en;
			hasScannedForEncodings = 0;
			knownRegions = (
				en,
				Base,
			);
			mainGroup = 5153021F219597550095B570;
			productRefGroup = 51530229219597550095B570 /* Products */;
			projectDirPath = "";
			projectRoot = "";
			targets = (
				51530227219597550095B570 /* demo */,
				5153023F219597570095B570 /* demoTests */,
				5153024A219597570095B570 /* demoUITests */,
			);
		};
/* End PBXProject section */

/* Begin PBXResourcesBuildPhase section */
		51530226219597550095B570 /* Resources */ = {
			isa = PBXResourcesBuildPhase;
			buildActionMask = 2147483647;
			files = (
				51530238219597570095B570 /* LaunchScreen.storyboard in Resources */,
				515303952199AB180095B570 /* TabBarControllers.json in Resources */,
				515302A42196A1D20095B570 /* MBProgressHUD.bundle in Resources */,
				51530235219597570095B570 /* Assets.xcassets in Resources */,
				51530233219597550095B570 /* Main.storyboard in Resources */,
			);
			runOnlyForDeploymentPostprocessing = 0;
		};
		5153023E219597570095B570 /* Resources */ = {
			isa = PBXResourcesBuildPhase;
			buildActionMask = 2147483647;
			files = (
			);
			runOnlyForDeploymentPostprocessing = 0;
		};
		51530249219597570095B570 /* Resources */ = {
			isa = PBXResourcesBuildPhase;
			buildActionMask = 2147483647;
			files = (
			);
			runOnlyForDeploymentPostprocessing = 0;
		};
/* End PBXResourcesBuildPhase section */

/* Begin PBXShellScriptBuildPhase section */
		3A452B5E71DD7404327DFD2A /* [CP] Copy Pods Resources */ = {
			isa = PBXShellScriptBuildPhase;
			buildActionMask = 2147483647;
			files = (
			);
			inputPaths = (
			);
			name = "[CP] Copy Pods Resources";
			outputPaths = (
			);
			runOnlyForDeploymentPostprocessing = 0;
			shellPath = /bin/sh;
			shellScript = "\"${SRCROOT}/Pods/Target Support Files/Pods-demo/Pods-demo-resources.sh\"\n";
			showEnvVarsInLog = 0;
		};
		A44E77F3539889F51C952278 /* [CP] Embed Pods Frameworks */ = {
			isa = PBXShellScriptBuildPhase;
			buildActionMask = 2147483647;
			files = (
			);
			inputPaths = (
				"${SRCROOT}/Pods/Target Support Files/Pods-demo/Pods-demo-frameworks.sh",
				"${BUILT_PRODUCTS_DIR}/AFNetworking/AFNetworking.framework",
				"${BUILT_PRODUCTS_DIR}/MJExtension/MJExtension.framework",
				"${BUILT_PRODUCTS_DIR}/MJRefresh/MJRefresh.framework",
				"${BUILT_PRODUCTS_DIR}/MMKV/MMKV.framework",
				"${BUILT_PRODUCTS_DIR}/Masonry/Masonry.framework",
				"${BUILT_PRODUCTS_DIR}/QMUIKit/QMUIKit.framework",
				"${BUILT_PRODUCTS_DIR}/ReactiveObjC/ReactiveObjC.framework",
				"${BUILT_PRODUCTS_DIR}/YYKit/YYKit.framework",
			);
			name = "[CP] Embed Pods Frameworks";
			outputPaths = (
				"${TARGET_BUILD_DIR}/${FRAMEWORKS_FOLDER_PATH}/AFNetworking.framework",
				"${TARGET_BUILD_DIR}/${FRAMEWORKS_FOLDER_PATH}/MJExtension.framework",
				"${TARGET_BUILD_DIR}/${FRAMEWORKS_FOLDER_PATH}/MJRefresh.framework",
				"${TARGET_BUILD_DIR}/${FRAMEWORKS_FOLDER_PATH}/MMKV.framework",
				"${TARGET_BUILD_DIR}/${FRAMEWORKS_FOLDER_PATH}/Masonry.framework",
				"${TARGET_BUILD_DIR}/${FRAMEWORKS_FOLDER_PATH}/QMUIKit.framework",
				"${TARGET_BUILD_DIR}/${FRAMEWORKS_FOLDER_PATH}/ReactiveObjC.framework",
				"${TARGET_BUILD_DIR}/${FRAMEWORKS_FOLDER_PATH}/YYKit.framework",
			);
			runOnlyForDeploymentPostprocessing = 0;
			shellPath = /bin/sh;
			shellScript = "\"${SRCROOT}/Pods/Target Support Files/Pods-demo/Pods-demo-frameworks.sh\"\n";
			showEnvVarsInLog = 0;
		};
		CB1360EBCFB75E2E6AB5ACE5 /* [CP] Check Pods Manifest.lock */ = {
			isa = PBXShellScriptBuildPhase;
			buildActionMask = 2147483647;
			files = (
			);
			inputPaths = (
				"${PODS_PODFILE_DIR_PATH}/Podfile.lock",
				"${PODS_ROOT}/Manifest.lock",
			);
			name = "[CP] Check Pods Manifest.lock";
			outputPaths = (
				"$(DERIVED_FILE_DIR)/Pods-demo-checkManifestLockResult.txt",
			);
			runOnlyForDeploymentPostprocessing = 0;
			shellPath = /bin/sh;
			shellScript = "diff \"${PODS_PODFILE_DIR_PATH}/Podfile.lock\" \"${PODS_ROOT}/Manifest.lock\" > /dev/null\nif [ $? != 0 ] ; then\n    # print error to STDERR\n    echo \"error: The sandbox is not in sync with the Podfile.lock. Run 'pod install' or update your CocoaPods installation.\" >&2\n    exit 1\nfi\n# This output is used by Xcode 'outputs' to avoid re-running this script phase.\necho \"SUCCESS\" > \"${SCRIPT_OUTPUT_FILE_0}\"\n";
			showEnvVarsInLog = 0;
		};
/* End PBXShellScriptBuildPhase section */

/* Begin PBXSourcesBuildPhase section */
		51530224219597550095B570 /* Sources */ = {
			isa = PBXSourcesBuildPhase;
			buildActionMask = 2147483647;
			files = (
				515303A0219A7A530095B570 /* HYRefreshFooter.m in Sources */,
				515302E12196B8650095B570 /* HYBlockCollectionView.m in Sources */,
				515303092196BD6B0095B570 /* HYBaseTableViewHeaderFooterView.m in Sources */,
				51530359219923A20095B570 /* HYBaseViewModel.m in Sources */,
				515302AF2196A9C80095B570 /* HYAFNWorkingTool.m in Sources */,
				5153030A2196BD6B0095B570 /* HYBaseTableViewModel.m in Sources */,
				515303AA219A7A5F0095B570 /* HYCurrentControllerTool.m in Sources */,
				515302A32196A1D20095B570 /* MBProgressHUD+HYExtension.m in Sources */,
				515303982199AFB10095B570 /* HYRecommendViewModel.m in Sources */,
				515303082196BD6B0095B570 /* HYBaseTableViewCell.m in Sources */,
				5153023B219597570095B570 /* main.m in Sources */,
				515303902199AAE00095B570 /* HYRecommendController.m in Sources */,
				515303AB219A7A5F0095B570 /* HYJumpConrollerTool.m in Sources */,
				515303AC219A7A5F0095B570 /* HYRunTimeTool.m in Sources */,
				5153035B219923A20095B570 /* UIImageView+HYExtension.m in Sources */,
				515303A2219A7A530095B570 /* UIScrollView+Refresh.m in Sources */,
				515302E42196B8650095B570 /* HYBlockTextField.m in Sources */,
				515303222196C3910095B570 /* HYBaseBlockCollectionView.m in Sources */,
				515303232196C3910095B570 /* HYBaseCollectionCellModel.m in Sources */,
				51DBE27E219C4BEA005167DF /* RACCommand+JumpMediator.m in Sources */,
				515303072196BD6B0095B570 /* HYBaseTableSectionModel.m in Sources */,
				51530362219926A00095B570 /* HYBaseTabBarController.m in Sources */,
				51DBE27B219C498E005167DF /* RACSignal+JumpMediator.m in Sources */,
				5153038E2199AAE00095B570 /* HYRecommendCell.m in Sources */,
				515303262196C3910095B570 /* HYBaseCollectionViewCell.m in Sources */,
				515303272196C3910095B570 /* HYBaseCollectionViewModel.m in Sources */,
				515302B52196AAA90095B570 /* RACCommand+Network.m in Sources */,
				515302E52196B8650095B570 /* HYBlockTextView.m in Sources */,
				5153038A2199AAE00095B570 /* HYNewsController.m in Sources */,
				515303862199AAE00095B570 /* HYNewsCellModel.m in Sources */,
				515302B22196AA950095B570 /* RACSignal+Network.m in Sources */,
				51DBE282219D1399005167DF /* RACTestViewController.m in Sources */,
				5153029821959EBC0095B570 /* RACCommand+Extension.m in Sources */,
				5153022D219597550095B570 /* AppDelegate.m in Sources */,
				515303882199AAE00095B570 /* HYNewsImageCell.m in Sources */,
				5153035D219923A20095B570 /* UIView+Extension.m in Sources */,
				5153029C21959F040095B570 /* RACSignal+Extension.m in Sources */,
				5153038D2199AAE00095B570 /* HYRecommendCellModel.m in Sources */,
				515302E22196B8650095B570 /* HYBlockScrollView.m in Sources */,
				515302E32196B8650095B570 /* HYBlockTableView.m in Sources */,
				5153029921959EBC0095B570 /* RACSubject+Extension.m in Sources */,
				51530358219923A20095B570 /* HYBaseModel.m in Sources */,
				515303942199AB180095B570 /* HYDemoTabBarController.m in Sources */,
				515303252196C3910095B570 /* HYBaseCollectionSectionModel.m in Sources */,
				515303A1219A7A530095B570 /* HYRefreshHeader.m in Sources */,
				51DBE278219C32BA005167DF /* HYBaseViewController.m in Sources */,
				5153034A219919840095B570 /* MBProgressHUD+EmptyView.m in Sources */,
				5153038B2199AAE00095B570 /* HYNewsViewModel.m in Sources */,
				515303872199AAE00095B570 /* HYNewsCell.m in Sources */,
				5153035C219923A20095B570 /* UITableView+HYExtension.m in Sources */,
				5153030B2196BD6B0095B570 /* HYBaseBlockTableView.m in Sources */,
				5153035A219923A20095B570 /* UICollectionView+HYExtension.m in Sources */,
				515303242196C3910095B570 /* HYBaseCollectionHeaderFooterView.m in Sources */,
				515303062196BD6B0095B570 /* HYBaseTableCellModel.m in Sources */,
				515302A52196A1D20095B570 /* MBProgressHUD.m in Sources */,
				51530363219926A00095B570 /* HYBaseNaviController.m in Sources */,
			);
			runOnlyForDeploymentPostprocessing = 0;
		};
		5153023C219597570095B570 /* Sources */ = {
			isa = PBXSourcesBuildPhase;
			buildActionMask = 2147483647;
			files = (
				51530245219597570095B570 /* demoTests.m in Sources */,
			);
			runOnlyForDeploymentPostprocessing = 0;
		};
		51530247219597570095B570 /* Sources */ = {
			isa = PBXSourcesBuildPhase;
			buildActionMask = 2147483647;
			files = (
				51530250219597570095B570 /* demoUITests.m in Sources */,
			);
			runOnlyForDeploymentPostprocessing = 0;
		};
/* End PBXSourcesBuildPhase section */

/* Begin PBXTargetDependency section */
		51530242219597570095B570 /* PBXTargetDependency */ = {
			isa = PBXTargetDependency;
			target = 51530227219597550095B570 /* demo */;
			targetProxy = 51530241219597570095B570 /* PBXContainerItemProxy */;
		};
		5153024D219597570095B570 /* PBXTargetDependency */ = {
			isa = PBXTargetDependency;
			target = 51530227219597550095B570 /* demo */;
			targetProxy = 5153024C219597570095B570 /* PBXContainerItemProxy */;
		};
/* End PBXTargetDependency section */

/* Begin PBXVariantGroup section */
		51530231219597550095B570 /* Main.storyboard */ = {
			isa = PBXVariantGroup;
			children = (
				51530232219597550095B570 /* Base */,
			);
			name = Main.storyboard;
			sourceTree = "<group>";
		};
		51530236219597570095B570 /* LaunchScreen.storyboard */ = {
			isa = PBXVariantGroup;
			children = (
				51530237219597570095B570 /* Base */,
			);
			name = LaunchScreen.storyboard;
			sourceTree = "<group>";
		};
/* End PBXVariantGroup section */

/* Begin XCBuildConfiguration section */
		51530252219597570095B570 /* Debug */ = {
			isa = XCBuildConfiguration;
			buildSettings = {
				ALWAYS_SEARCH_USER_PATHS = NO;
				CLANG_ANALYZER_NONNULL = YES;
				CLANG_ANALYZER_NUMBER_OBJECT_CONVERSION = YES_AGGRESSIVE;
				CLANG_CXX_LANGUAGE_STANDARD = "gnu++14";
				CLANG_CXX_LIBRARY = "libc++";
				CLANG_ENABLE_MODULES = YES;
				CLANG_ENABLE_OBJC_ARC = YES;
				CLANG_ENABLE_OBJC_WEAK = YES;
				CLANG_WARN_BLOCK_CAPTURE_AUTORELEASING = YES;
				CLANG_WARN_BOOL_CONVERSION = YES;
				CLANG_WARN_COMMA = YES;
				CLANG_WARN_CONSTANT_CONVERSION = YES;
				CLANG_WARN_DEPRECATED_OBJC_IMPLEMENTATIONS = YES;
				CLANG_WARN_DIRECT_OBJC_ISA_USAGE = YES_ERROR;
				CLANG_WARN_DOCUMENTATION_COMMENTS = YES;
				CLANG_WARN_EMPTY_BODY = YES;
				CLANG_WARN_ENUM_CONVERSION = YES;
				CLANG_WARN_INFINITE_RECURSION = YES;
				CLANG_WARN_INT_CONVERSION = YES;
				CLANG_WARN_NON_LITERAL_NULL_CONVERSION = YES;
				CLANG_WARN_OBJC_IMPLICIT_RETAIN_SELF = YES;
				CLANG_WARN_OBJC_LITERAL_CONVERSION = YES;
				CLANG_WARN_OBJC_ROOT_CLASS = YES_ERROR;
				CLANG_WARN_RANGE_LOOP_ANALYSIS = YES;
				CLANG_WARN_STRICT_PROTOTYPES = YES;
				CLANG_WARN_SUSPICIOUS_MOVE = YES;
				CLANG_WARN_UNGUARDED_AVAILABILITY = YES_AGGRESSIVE;
				CLANG_WARN_UNREACHABLE_CODE = YES;
				CLANG_WARN__DUPLICATE_METHOD_MATCH = YES;
				CODE_SIGN_IDENTITY = "iPhone Developer";
				COPY_PHASE_STRIP = NO;
				DEBUG_INFORMATION_FORMAT = dwarf;
				ENABLE_STRICT_OBJC_MSGSEND = YES;
				ENABLE_TESTABILITY = YES;
				GCC_C_LANGUAGE_STANDARD = gnu11;
				GCC_DYNAMIC_NO_PIC = NO;
				GCC_NO_COMMON_BLOCKS = YES;
				GCC_OPTIMIZATION_LEVEL = 0;
				GCC_PREPROCESSOR_DEFINITIONS = (
					"DEBUG=1",
					"$(inherited)",
				);
				GCC_WARN_64_TO_32_BIT_CONVERSION = YES;
				GCC_WARN_ABOUT_RETURN_TYPE = YES_ERROR;
				GCC_WARN_UNDECLARED_SELECTOR = YES;
				GCC_WARN_UNINITIALIZED_AUTOS = YES_AGGRESSIVE;
				GCC_WARN_UNUSED_FUNCTION = YES;
				GCC_WARN_UNUSED_VARIABLE = YES;
				IPHONEOS_DEPLOYMENT_TARGET = 12.0;
				MTL_ENABLE_DEBUG_INFO = INCLUDE_SOURCE;
				MTL_FAST_MATH = YES;
				ONLY_ACTIVE_ARCH = YES;
				SDKROOT = iphoneos;
			};
			name = Debug;
		};
		51530253219597570095B570 /* Release */ = {
			isa = XCBuildConfiguration;
			buildSettings = {
				ALWAYS_SEARCH_USER_PATHS = NO;
				CLANG_ANALYZER_NONNULL = YES;
				CLANG_ANALYZER_NUMBER_OBJECT_CONVERSION = YES_AGGRESSIVE;
				CLANG_CXX_LANGUAGE_STANDARD = "gnu++14";
				CLANG_CXX_LIBRARY = "libc++";
				CLANG_ENABLE_MODULES = YES;
				CLANG_ENABLE_OBJC_ARC = YES;
				CLANG_ENABLE_OBJC_WEAK = YES;
				CLANG_WARN_BLOCK_CAPTURE_AUTORELEASING = YES;
				CLANG_WARN_BOOL_CONVERSION = YES;
				CLANG_WARN_COMMA = YES;
				CLANG_WARN_CONSTANT_CONVERSION = YES;
				CLANG_WARN_DEPRECATED_OBJC_IMPLEMENTATIONS = YES;
				CLANG_WARN_DIRECT_OBJC_ISA_USAGE = YES_ERROR;
				CLANG_WARN_DOCUMENTATION_COMMENTS = YES;
				CLANG_WARN_EMPTY_BODY = YES;
				CLANG_WARN_ENUM_CONVERSION = YES;
				CLANG_WARN_INFINITE_RECURSION = YES;
				CLANG_WARN_INT_CONVERSION = YES;
				CLANG_WARN_NON_LITERAL_NULL_CONVERSION = YES;
				CLANG_WARN_OBJC_IMPLICIT_RETAIN_SELF = YES;
				CLANG_WARN_OBJC_LITERAL_CONVERSION = YES;
				CLANG_WARN_OBJC_ROOT_CLASS = YES_ERROR;
				CLANG_WARN_RANGE_LOOP_ANALYSIS = YES;
				CLANG_WARN_STRICT_PROTOTYPES = YES;
				CLANG_WARN_SUSPICIOUS_MOVE = YES;
				CLANG_WARN_UNGUARDED_AVAILABILITY = YES_AGGRESSIVE;
				CLANG_WARN_UNREACHABLE_CODE = YES;
				CLANG_WARN__DUPLICATE_METHOD_MATCH = YES;
				CODE_SIGN_IDENTITY = "iPhone Developer";
				COPY_PHASE_STRIP = NO;
				DEBUG_INFORMATION_FORMAT = "dwarf-with-dsym";
				ENABLE_NS_ASSERTIONS = NO;
				ENABLE_STRICT_OBJC_MSGSEND = YES;
				GCC_C_LANGUAGE_STANDARD = gnu11;
				GCC_NO_COMMON_BLOCKS = YES;
				GCC_WARN_64_TO_32_BIT_CONVERSION = YES;
				GCC_WARN_ABOUT_RETURN_TYPE = YES_ERROR;
				GCC_WARN_UNDECLARED_SELECTOR = YES;
				GCC_WARN_UNINITIALIZED_AUTOS = YES_AGGRESSIVE;
				GCC_WARN_UNUSED_FUNCTION = YES;
				GCC_WARN_UNUSED_VARIABLE = YES;
				IPHONEOS_DEPLOYMENT_TARGET = 12.0;
				MTL_ENABLE_DEBUG_INFO = NO;
				MTL_FAST_MATH = YES;
				SDKROOT = iphoneos;
				VALIDATE_PRODUCT = YES;
			};
			name = Release;
		};
		51530255219597570095B570 /* Debug */ = {
			isa = XCBuildConfiguration;
			baseConfigurationReference = B31C45A29883BC36BDA18406 /* Pods-demo.debug.xcconfig */;
			buildSettings = {
				ASSETCATALOG_COMPILER_APPICON_NAME = AppIcon;
				CLANG_ENABLE_MODULES = YES;
				CODE_SIGN_STYLE = Automatic;
				DEVELOPMENT_TEAM = YHYZ9C9LNP;
				GCC_PRECOMPILE_PREFIX_HEADER = YES;
				GCC_PREFIX_HEADER = "$(SRCROOT)/demo/DemoPrefixHeader.pch";
				INFOPLIST_FILE = demo/Info.plist;
				IPHONEOS_DEPLOYMENT_TARGET = 9.0;
				LD_RUNPATH_SEARCH_PATHS = (
					"$(inherited)",
					"@executable_path/Frameworks",
				);
				PRODUCT_BUNDLE_IDENTIFIER = hydreamit.demo;
				PRODUCT_NAME = "$(TARGET_NAME)";
				TARGETED_DEVICE_FAMILY = "1,2";
				WARNING_CFLAGS = "-Wno-ambiguous-macro";
			};
			name = Debug;
		};
		51530256219597570095B570 /* Release */ = {
			isa = XCBuildConfiguration;
			baseConfigurationReference = EFB1205AADE6B8B973B5C0EF /* Pods-demo.release.xcconfig */;
			buildSettings = {
				ASSETCATALOG_COMPILER_APPICON_NAME = AppIcon;
				CLANG_ENABLE_MODULES = YES;
				CODE_SIGN_STYLE = Automatic;
				DEVELOPMENT_TEAM = YHYZ9C9LNP;
				GCC_PRECOMPILE_PREFIX_HEADER = YES;
				GCC_PREFIX_HEADER = "$(SRCROOT)/demo/DemoPrefixHeader.pch";
				INFOPLIST_FILE = demo/Info.plist;
				IPHONEOS_DEPLOYMENT_TARGET = 9.0;
				LD_RUNPATH_SEARCH_PATHS = (
					"$(inherited)",
					"@executable_path/Frameworks",
				);
				PRODUCT_BUNDLE_IDENTIFIER = hydreamit.demo;
				PRODUCT_NAME = "$(TARGET_NAME)";
				TARGETED_DEVICE_FAMILY = "1,2";
				WARNING_CFLAGS = "-Wno-ambiguous-macro";
			};
			name = Release;
		};
		51530258219597570095B570 /* Debug */ = {
			isa = XCBuildConfiguration;
			buildSettings = {
				BUNDLE_LOADER = "$(TEST_HOST)";
				CODE_SIGN_STYLE = Automatic;
				INFOPLIST_FILE = demoTests/Info.plist;
				LD_RUNPATH_SEARCH_PATHS = (
					"$(inherited)",
					"@executable_path/Frameworks",
					"@loader_path/Frameworks",
				);
				PRODUCT_BUNDLE_IDENTIFIER = hydreamit.demoTests;
				PRODUCT_NAME = "$(TARGET_NAME)";
				TARGETED_DEVICE_FAMILY = "1,2";
				TEST_HOST = "$(BUILT_PRODUCTS_DIR)/demo.app/demo";
			};
			name = Debug;
		};
		51530259219597570095B570 /* Release */ = {
			isa = XCBuildConfiguration;
			buildSettings = {
				BUNDLE_LOADER = "$(TEST_HOST)";
				CODE_SIGN_STYLE = Automatic;
				INFOPLIST_FILE = demoTests/Info.plist;
				LD_RUNPATH_SEARCH_PATHS = (
					"$(inherited)",
					"@executable_path/Frameworks",
					"@loader_path/Frameworks",
				);
				PRODUCT_BUNDLE_IDENTIFIER = hydreamit.demoTests;
				PRODUCT_NAME = "$(TARGET_NAME)";
				TARGETED_DEVICE_FAMILY = "1,2";
				TEST_HOST = "$(BUILT_PRODUCTS_DIR)/demo.app/demo";
			};
			name = Release;
		};
		5153025B219597570095B570 /* Debug */ = {
			isa = XCBuildConfiguration;
			buildSettings = {
				CODE_SIGN_STYLE = Automatic;
				INFOPLIST_FILE = demoUITests/Info.plist;
				LD_RUNPATH_SEARCH_PATHS = (
					"$(inherited)",
					"@executable_path/Frameworks",
					"@loader_path/Frameworks",
				);
				PRODUCT_BUNDLE_IDENTIFIER = hydreamit.demoUITests;
				PRODUCT_NAME = "$(TARGET_NAME)";
				TARGETED_DEVICE_FAMILY = "1,2";
				TEST_TARGET_NAME = demo;
			};
			name = Debug;
		};
		5153025C219597570095B570 /* Release */ = {
			isa = XCBuildConfiguration;
			buildSettings = {
				CODE_SIGN_STYLE = Automatic;
				INFOPLIST_FILE = demoUITests/Info.plist;
				LD_RUNPATH_SEARCH_PATHS = (
					"$(inherited)",
					"@executable_path/Frameworks",
					"@loader_path/Frameworks",
				);
				PRODUCT_BUNDLE_IDENTIFIER = hydreamit.demoUITests;
				PRODUCT_NAME = "$(TARGET_NAME)";
				TARGETED_DEVICE_FAMILY = "1,2";
				TEST_TARGET_NAME = demo;
			};
			name = Release;
		};
/* End XCBuildConfiguration section */

/* Begin XCConfigurationList section */
		51530223219597550095B570 /* Build configuration list for PBXProject "demo" */ = {
			isa = XCConfigurationList;
			buildConfigurations = (
				51530252219597570095B570 /* Debug */,
				51530253219597570095B570 /* Release */,
			);
			defaultConfigurationIsVisible = 0;
			defaultConfigurationName = Release;
		};
		51530254219597570095B570 /* Build configuration list for PBXNativeTarget "demo" */ = {
			isa = XCConfigurationList;
			buildConfigurations = (
				51530255219597570095B570 /* Debug */,
				51530256219597570095B570 /* Release */,
			);
			defaultConfigurationIsVisible = 0;
			defaultConfigurationName = Release;
		};
		51530257219597570095B570 /* Build configuration list for PBXNativeTarget "demoTests" */ = {
			isa = XCConfigurationList;
			buildConfigurations = (
				51530258219597570095B570 /* Debug */,
				51530259219597570095B570 /* Release */,
			);
			defaultConfigurationIsVisible = 0;
			defaultConfigurationName = Release;
		};
		5153025A219597570095B570 /* Build configuration list for PBXNativeTarget "demoUITests" */ = {
			isa = XCConfigurationList;
			buildConfigurations = (
				5153025B219597570095B570 /* Debug */,
				5153025C219597570095B570 /* Release */,
			);
			defaultConfigurationIsVisible = 0;
			defaultConfigurationName = Release;
		};
/* End XCConfigurationList section */
	};
	rootObject = 51530220219597550095B570 /* Project object */;
}
